
Microsoft Visual Studio Solution File, Format Version 12.00
Project("{2150E333-8FDC-42A3-9474-1A3956D46DE8}") = "SharedLibrary", "SharedLibrary", "{A8E79D69-71AA-4A42-85A4-91A3409AE5C1}"
EndProject
Project("{FAE04EC0-301F-11D3-BF4B-00C04F79EFBC}") = "MongoDB", "SharedLibrary\MongoDB\MongoDB.csproj", "{7985FA4C-D6FB-4BB0-9C56-7340915F7C81}"
EndProject
Global
	GlobalSection(SolutionConfigurationPlatforms) = preSolution
		Debug|Any CPU = Debug|Any CPU
		Release|Any CPU = Release|Any CPU
	EndGlobalSection
	GlobalSection(ProjectConfigurationPlatforms) = postSolution
		{7985FA4C-D6FB-4BB0-9C56-7340915F7C81}.Debug|Any CPU.ActiveCfg = Debug|Any CPU
		{7985FA4C-D6FB-4BB0-9C56-7340915F7C81}.Debug|Any CPU.Build.0 = Debug|Any CPU
		{7985FA4C-D6FB-4BB0-9C56-7340915F7C81}.Release|Any CPU.ActiveCfg = Release|Any CPU
		{7985FA4C-D6FB-4BB0-9C56-7340915F7C81}.Release|Any CPU.Build.0 = Release|Any CPU
	EndGlobalSection
	GlobalSection(NestedProjects) = preSolution
		{7985FA4C-D6FB-4BB0-9C56-7340915F7C81} = {A8E79D69-71AA-4A42-85A4-91A3409AE5C1}
	EndGlobalSection
EndGlobal
